
Microsoft Visual Studio Solution File, Format Version 12.00
# Visual Studio 2012
Project("{FAE04EC0-301F-11D3-BF4B-00C04F79EFBC}") = "Teste_MetaDataType", "Teste_MetaDataType\Teste_MetaDataType.csproj", "{84D513FE-02B3-49DD-911B-3E91568C8542}"
EndProject
Global
	GlobalSection(SolutionConfigurationPlatforms) = preSolution
		Debug|Any CPU = Debug|Any CPU
		Release|Any CPU = Release|Any CPU
	EndGlobalSection
	GlobalSection(ProjectConfigurationPlatforms) = postSolution
		{84D513FE-02B3-49DD-911B-3E91568C8542}.Debug|Any CPU.ActiveCfg = Debug|Any CPU
		{84D513FE-02B3-49DD-911B-3E91568C8542}.Debug|Any CPU.Build.0 = Debug|Any CPU
		{84D513FE-02B3-49DD-911B-3E91568C8542}.Release|Any CPU.ActiveCfg = Release|Any CPU
		{84D513FE-02B3-49DD-911B-3E91568C8542}.Release|Any CPU.Build.0 = Release|Any CPU
	EndGlobalSection
	GlobalSection(SolutionProperties) = preSolution
		HideSolutionNode = FALSE
	EndGlobalSection
EndGlobal
